{
  "requires": true,
  "lockfileVersion": 1,
  "dependencies": {
    "rive-canvas": {
      "version": "0.6.13",
      "resolved": "https://registry.npmjs.org/rive-canvas/-/rive-canvas-0.6.13.tgz",
      "integrity": "sha512-ZJrws/jvvjGwLksPDbPaOlgrAHUy6C72kBPOOXQyK9u0YUv6ABctXFGVbJ/fjnt2MEeZlvCXpQCyA9Bb2T9DZQ=="
    }
  }
}
